
Microsoft Visual Studio Solution File, Format Version 12.00
# Visual Studio 14
VisualStudioVersion = 14.0.24720.0
MinimumVisualStudioVersion = 10.0.40219.1
Project("{FAE04EC0-301F-11D3-BF4B-00C04F79EFBC}") = "DataGen.Extentions.UnitTests", "DataGen.Extentions.UnitTests\DataGen.Extentions.UnitTests.csproj", "{94B2E295-727B-4F56-BAFA-C3FA2651D22D}"
EndProject
Project("{FAE04EC0-301F-11D3-BF4B-00C04F79EFBC}") = "DataGen.Extensions", "DataGen.Extensions\DataGen.Extensions.csproj", "{E4EFBE53-B7F8-4807-87DC-1A66EF024C68}"
EndProject
Project("{FAE04EC0-301F-11D3-BF4B-00C04F79EFBC}") = "DataGen.Extensions.Publish", "DataGen.Extensions.Publish\DataGen.Extensions.Publish.csproj", "{69674329-AC52-4067-8DA8-AB46233646BD}"
EndProject
Project("{2150E333-8FDC-42A3-9474-1A3956D46DE8}") = "NuGet", "NuGet", "{54F7959B-0FC0-4A45-9C4E-75F26092A27E}"
	ProjectSection(SolutionItems) = preProject
		NuGet\DataGen.Extensions.nuspec = NuGet\DataGen.Extensions.nuspec
	EndProjectSection
EndProject
Project("{FAE04EC0-301F-11D3-BF4B-00C04F79EFBC}") = "DataGen.RomanNumerals.UnitTests", "DataGen.RomanNumerals.UnitTests\DataGen.RomanNumerals.UnitTests.csproj", "{82B82A62-24BD-47E9-AC91-74A57185FA24}"
EndProject
Project("{FAE04EC0-301F-11D3-BF4B-00C04F79EFBC}") = "DataGen.RomanNumerals", "DataGen.RomanNumerals\DataGen.RomanNumerals.csproj", "{D2170967-D5AC-403B-AAE4-C4C955EC8E07}"
EndProject
Project("{FAE04EC0-301F-11D3-BF4B-00C04F79EFBC}") = "DataGen.NumberToWords", "DataGen.NumberToWords\DataGen.NumberToWords.csproj", "{9E55A237-BE54-4709-9A32-24BA5D49E39C}"
EndProject
Project("{FAE04EC0-301F-11D3-BF4B-00C04F79EFBC}") = "DataGen.NumberToWords.UnitTests", "DataGen.NumberToWords.UnitTests\DataGen.NumberToWords.UnitTests.csproj", "{90A41D19-873E-4468-9BF5-9ED907361900}"
EndProject
Global
	GlobalSection(SolutionConfigurationPlatforms) = preSolution
		Debug|Any CPU = Debug|Any CPU
		Release 3.5|Any CPU = Release 3.5|Any CPU
		Release 4.0|Any CPU = Release 4.0|Any CPU
		Release 4.5|Any CPU = Release 4.5|Any CPU
		Release|Any CPU = Release|Any CPU
	EndGlobalSection
	GlobalSection(ProjectConfigurationPlatforms) = postSolution
		{94B2E295-727B-4F56-BAFA-C3FA2651D22D}.Debug|Any CPU.ActiveCfg = Debug|Any CPU
		{94B2E295-727B-4F56-BAFA-C3FA2651D22D}.Debug|Any CPU.Build.0 = Debug|Any CPU
		{94B2E295-727B-4F56-BAFA-C3FA2651D22D}.Release 3.5|Any CPU.ActiveCfg = Release|Any CPU
		{94B2E295-727B-4F56-BAFA-C3FA2651D22D}.Release 3.5|Any CPU.Build.0 = Release|Any CPU
		{94B2E295-727B-4F56-BAFA-C3FA2651D22D}.Release 4.0|Any CPU.ActiveCfg = Release|Any CPU
		{94B2E295-727B-4F56-BAFA-C3FA2651D22D}.Release 4.0|Any CPU.Build.0 = Release|Any CPU
		{94B2E295-727B-4F56-BAFA-C3FA2651D22D}.Release 4.5|Any CPU.ActiveCfg = Release|Any CPU
		{94B2E295-727B-4F56-BAFA-C3FA2651D22D}.Release 4.5|Any CPU.Build.0 = Release|Any CPU
		{94B2E295-727B-4F56-BAFA-C3FA2651D22D}.Release|Any CPU.ActiveCfg = Release|Any CPU
		{94B2E295-727B-4F56-BAFA-C3FA2651D22D}.Release|Any CPU.Build.0 = Release|Any CPU
		{E4EFBE53-B7F8-4807-87DC-1A66EF024C68}.Debug|Any CPU.ActiveCfg = Debug|Any CPU
		{E4EFBE53-B7F8-4807-87DC-1A66EF024C68}.Debug|Any CPU.Build.0 = Debug|Any CPU
		{E4EFBE53-B7F8-4807-87DC-1A66EF024C68}.Release 3.5|Any CPU.ActiveCfg = Release 3.5|Any CPU
		{E4EFBE53-B7F8-4807-87DC-1A66EF024C68}.Release 3.5|Any CPU.Build.0 = Release 3.5|Any CPU
		{E4EFBE53-B7F8-4807-87DC-1A66EF024C68}.Release 4.0|Any CPU.ActiveCfg = Release 4.0|Any CPU
		{E4EFBE53-B7F8-4807-87DC-1A66EF024C68}.Release 4.0|Any CPU.Build.0 = Release 4.0|Any CPU
		{E4EFBE53-B7F8-4807-87DC-1A66EF024C68}.Release 4.5|Any CPU.ActiveCfg = Release 4.5|Any CPU
		{E4EFBE53-B7F8-4807-87DC-1A66EF024C68}.Release 4.5|Any CPU.Build.0 = Release 4.5|Any CPU
		{E4EFBE53-B7F8-4807-87DC-1A66EF024C68}.Release|Any CPU.ActiveCfg = Release|Any CPU
		{E4EFBE53-B7F8-4807-87DC-1A66EF024C68}.Release|Any CPU.Build.0 = Release|Any CPU
		{69674329-AC52-4067-8DA8-AB46233646BD}.Debug|Any CPU.ActiveCfg = Debug|Any CPU
		{69674329-AC52-4067-8DA8-AB46233646BD}.Debug|Any CPU.Build.0 = Debug|Any CPU
		{69674329-AC52-4067-8DA8-AB46233646BD}.Release 3.5|Any CPU.ActiveCfg = Release|Any CPU
		{69674329-AC52-4067-8DA8-AB46233646BD}.Release 3.5|Any CPU.Build.0 = Release|Any CPU
		{69674329-AC52-4067-8DA8-AB46233646BD}.Release 4.0|Any CPU.ActiveCfg = Release|Any CPU
		{69674329-AC52-4067-8DA8-AB46233646BD}.Release 4.0|Any CPU.Build.0 = Release|Any CPU
		{69674329-AC52-4067-8DA8-AB46233646BD}.Release 4.5|Any CPU.ActiveCfg = Release|Any CPU
		{69674329-AC52-4067-8DA8-AB46233646BD}.Release 4.5|Any CPU.Build.0 = Release|Any CPU
		{69674329-AC52-4067-8DA8-AB46233646BD}.Release|Any CPU.ActiveCfg = Release|Any CPU
		{69674329-AC52-4067-8DA8-AB46233646BD}.Release|Any CPU.Build.0 = Release|Any CPU
		{82B82A62-24BD-47E9-AC91-74A57185FA24}.Debug|Any CPU.ActiveCfg = Debug|Any CPU
		{82B82A62-24BD-47E9-AC91-74A57185FA24}.Debug|Any CPU.Build.0 = Debug|Any CPU
		{82B82A62-24BD-47E9-AC91-74A57185FA24}.Release 3.5|Any CPU.ActiveCfg = Release|Any CPU
		{82B82A62-24BD-47E9-AC91-74A57185FA24}.Release 3.5|Any CPU.Build.0 = Release|Any CPU
		{82B82A62-24BD-47E9-AC91-74A57185FA24}.Release 4.0|Any CPU.ActiveCfg = Release|Any CPU
		{82B82A62-24BD-47E9-AC91-74A57185FA24}.Release 4.0|Any CPU.Build.0 = Release|Any CPU
		{82B82A62-24BD-47E9-AC91-74A57185FA24}.Release 4.5|Any CPU.ActiveCfg = Release|Any CPU
		{82B82A62-24BD-47E9-AC91-74A57185FA24}.Release 4.5|Any CPU.Build.0 = Release|Any CPU
		{82B82A62-24BD-47E9-AC91-74A57185FA24}.Release|Any CPU.ActiveCfg = Release|Any CPU
		{82B82A62-24BD-47E9-AC91-74A57185FA24}.Release|Any CPU.Build.0 = Release|Any CPU
		{D2170967-D5AC-403B-AAE4-C4C955EC8E07}.Debug|Any CPU.ActiveCfg = Debug|Any CPU
		{D2170967-D5AC-403B-AAE4-C4C955EC8E07}.Debug|Any CPU.Build.0 = Debug|Any CPU
		{D2170967-D5AC-403B-AAE4-C4C955EC8E07}.Release 3.5|Any CPU.ActiveCfg = Release|Any CPU
		{D2170967-D5AC-403B-AAE4-C4C955EC8E07}.Release 3.5|Any CPU.Build.0 = Release|Any CPU
		{D2170967-D5AC-403B-AAE4-C4C955EC8E07}.Release 4.0|Any CPU.ActiveCfg = Release|Any CPU
		{D2170967-D5AC-403B-AAE4-C4C955EC8E07}.Release 4.0|Any CPU.Build.0 = Release|Any CPU
		{D2170967-D5AC-403B-AAE4-C4C955EC8E07}.Release 4.5|Any CPU.ActiveCfg = Release|Any CPU
		{D2170967-D5AC-403B-AAE4-C4C955EC8E07}.Release 4.5|Any CPU.Build.0 = Release|Any CPU
		{D2170967-D5AC-403B-AAE4-C4C955EC8E07}.Release|Any CPU.ActiveCfg = Release|Any CPU
		{D2170967-D5AC-403B-AAE4-C4C955EC8E07}.Release|Any CPU.Build.0 = Release|Any CPU
		{9E55A237-BE54-4709-9A32-24BA5D49E39C}.Debug|Any CPU.ActiveCfg = Debug|Any CPU
		{9E55A237-BE54-4709-9A32-24BA5D49E39C}.Debug|Any CPU.Build.0 = Debug|Any CPU
		{9E55A237-BE54-4709-9A32-24BA5D49E39C}.Release 3.5|Any CPU.ActiveCfg = Release|Any CPU
		{9E55A237-BE54-4709-9A32-24BA5D49E39C}.Release 3.5|Any CPU.Build.0 = Release|Any CPU
		{9E55A237-BE54-4709-9A32-24BA5D49E39C}.Release 4.0|Any CPU.ActiveCfg = Release|Any CPU
		{9E55A237-BE54-4709-9A32-24BA5D49E39C}.Release 4.0|Any CPU.Build.0 = Release|Any CPU
		{9E55A237-BE54-4709-9A32-24BA5D49E39C}.Release 4.5|Any CPU.ActiveCfg = Release|Any CPU
		{9E55A237-BE54-4709-9A32-24BA5D49E39C}.Release 4.5|Any CPU.Build.0 = Release|Any CPU
		{9E55A237-BE54-4709-9A32-24BA5D49E39C}.Release|Any CPU.ActiveCfg = Release|Any CPU
		{9E55A237-BE54-4709-9A32-24BA5D49E39C}.Release|Any CPU.Build.0 = Release|Any CPU
		{90A41D19-873E-4468-9BF5-9ED907361900}.Debug|Any CPU.ActiveCfg = Debug|Any CPU
		{90A41D19-873E-4468-9BF5-9ED907361900}.Debug|Any CPU.Build.0 = Debug|Any CPU
		{90A41D19-873E-4468-9BF5-9ED907361900}.Release 3.5|Any CPU.ActiveCfg = Release|Any CPU
		{90A41D19-873E-4468-9BF5-9ED907361900}.Release 3.5|Any CPU.Build.0 = Release|Any CPU
		{90A41D19-873E-4468-9BF5-9ED907361900}.Release 4.0|Any CPU.ActiveCfg = Release|Any CPU
		{90A41D19-873E-4468-9BF5-9ED907361900}.Release 4.0|Any CPU.Build.0 = Release|Any CPU
		{90A41D19-873E-4468-9BF5-9ED907361900}.Release 4.5|Any CPU.ActiveCfg = Release|Any CPU
		{90A41D19-873E-4468-9BF5-9ED907361900}.Release 4.5|Any CPU.Build.0 = Release|Any CPU
		{90A41D19-873E-4468-9BF5-9ED907361900}.Release|Any CPU.ActiveCfg = Release|Any CPU
		{90A41D19-873E-4468-9BF5-9ED907361900}.Release|Any CPU.Build.0 = Release|Any CPU
	EndGlobalSection
	GlobalSection(SolutionProperties) = preSolution
		HideSolutionNode = FALSE
	EndGlobalSection
EndGlobal
